
Microsoft Visual Studio Solution File, Format Version 12.00
Project("{FAE04EC0-301F-11D3-BF4B-00C04F79EFBC}") = "CompanySystem.API", " Compant System.API\CompanySystem.API.csproj", "{93F8356E-8081-4786-BEF7-1CF9558EA6BB}"
EndProject
Project("{FAE04EC0-301F-11D3-BF4B-00C04F79EFBC}") = "CompanySystem.BLL", "CompanySystem.BLL\CompanySystem.BLL.csproj", "{43BE0207-7FA7-4D04-AC60-03913D6F3854}"
EndProject
Project("{FAE04EC0-301F-11D3-BF4B-00C04F79EFBC}") = "CompanySystem.DAL", "CompanySystem.DAL\CompanySystem.DAL.csproj", "{24D128D0-9EA1-4680-B676-26432DE6D5B2}"
EndProject
Global
	GlobalSection(SolutionConfigurationPlatforms) = preSolution
		Debug|Any CPU = Debug|Any CPU
		Release|Any CPU = Release|Any CPU
	EndGlobalSection
	GlobalSection(ProjectConfigurationPlatforms) = postSolution
		{93F8356E-8081-4786-BEF7-1CF9558EA6BB}.Debug|Any CPU.ActiveCfg = Debug|Any CPU
		{93F8356E-8081-4786-BEF7-1CF9558EA6BB}.Debug|Any CPU.Build.0 = Debug|Any CPU
		{93F8356E-8081-4786-BEF7-1CF9558EA6BB}.Release|Any CPU.ActiveCfg = Release|Any CPU
		{93F8356E-8081-4786-BEF7-1CF9558EA6BB}.Release|Any CPU.Build.0 = Release|Any CPU
		{43BE0207-7FA7-4D04-AC60-03913D6F3854}.Debug|Any CPU.ActiveCfg = Debug|Any CPU
		{43BE0207-7FA7-4D04-AC60-03913D6F3854}.Debug|Any CPU.Build.0 = Debug|Any CPU
		{43BE0207-7FA7-4D04-AC60-03913D6F3854}.Release|Any CPU.ActiveCfg = Release|Any CPU
		{43BE0207-7FA7-4D04-AC60-03913D6F3854}.Release|Any CPU.Build.0 = Release|Any CPU
		{24D128D0-9EA1-4680-B676-26432DE6D5B2}.Debug|Any CPU.ActiveCfg = Debug|Any CPU
		{24D128D0-9EA1-4680-B676-26432DE6D5B2}.Debug|Any CPU.Build.0 = Debug|Any CPU
		{24D128D0-9EA1-4680-B676-26432DE6D5B2}.Release|Any CPU.ActiveCfg = Release|Any CPU
		{24D128D0-9EA1-4680-B676-26432DE6D5B2}.Release|Any CPU.Build.0 = Release|Any CPU
	EndGlobalSection
EndGlobal
